
Microsoft Visual Studio Solution File, Format Version 12.00
# Visual Studio 15
VisualStudioVersion = 15.0.26430.6
MinimumVisualStudioVersion = 10.0.40219.1
Project("{FAE04EC0-301F-11D3-BF4B-00C04F79EFBC}") = "PryFoodRankApp", "PryFoodRankApp\PryFoodRankApp\PryFoodRankApp.csproj", "{019934B7-8736-49ED-977A-1D3C0A532FBC}"
EndProject
Project("{FAE04EC0-301F-11D3-BF4B-00C04F79EFBC}") = "PryFoodRankApp.Android", "PryFoodRankApp\PryFoodRankApp.Android\PryFoodRankApp.Android.csproj", "{0F2F4FC3-0D42-4FD8-A1A1-2BFD917D7D48}"
EndProject
Project("{FAE04EC0-301F-11D3-BF4B-00C04F79EFBC}") = "PryFoodRankApp.iOS", "PryFoodRankApp\PryFoodRankApp.iOS\PryFoodRankApp.iOS.csproj", "{22EB071B-0B60-41F0-A66C-5FB400A3109A}"
EndProject
Project("{FAE04EC0-301F-11D3-BF4B-00C04F79EFBC}") = "PryFoodRankApp.UWP", "PryFoodRankApp\PryFoodRankApp.UWP\PryFoodRankApp.UWP.csproj", "{0B63C32D-68E0-4CE8-9A59-EB8E64498808}"
EndProject
Project("{FAE04EC0-301F-11D3-BF4B-00C04F79EFBC}") = "PryFoodRankApp.MobileAppService", "PryFoodRankApp\PryFoodRankApp.MobileAppService\PryFoodRankApp.MobileAppService.csproj", "{29BE5DA9-4F0C-4A38-BF8E-7B49AF4D81A0}"
EndProject
Global
	GlobalSection(SolutionConfigurationPlatforms) = preSolution
		Debug|Any CPU = Debug|Any CPU
		Debug|ARM = Debug|ARM
		Debug|iPhone = Debug|iPhone
		Debug|iPhoneSimulator = Debug|iPhoneSimulator
		Debug|x64 = Debug|x64
		Debug|x86 = Debug|x86
		Release|Any CPU = Release|Any CPU
		Release|ARM = Release|ARM
		Release|iPhone = Release|iPhone
		Release|iPhoneSimulator = Release|iPhoneSimulator
		Release|x64 = Release|x64
		Release|x86 = Release|x86
	EndGlobalSection
	GlobalSection(ProjectConfigurationPlatforms) = postSolution
		{019934B7-8736-49ED-977A-1D3C0A532FBC}.Debug|Any CPU.ActiveCfg = Debug|Any CPU
		{019934B7-8736-49ED-977A-1D3C0A532FBC}.Debug|Any CPU.Build.0 = Debug|Any CPU
		{019934B7-8736-49ED-977A-1D3C0A532FBC}.Debug|ARM.ActiveCfg = Debug|Any CPU
		{019934B7-8736-49ED-977A-1D3C0A532FBC}.Debug|ARM.Build.0 = Debug|Any CPU
		{019934B7-8736-49ED-977A-1D3C0A532FBC}.Debug|iPhone.ActiveCfg = Debug|Any CPU
		{019934B7-8736-49ED-977A-1D3C0A532FBC}.Debug|iPhone.Build.0 = Debug|Any CPU
		{019934B7-8736-49ED-977A-1D3C0A532FBC}.Debug|iPhoneSimulator.ActiveCfg = Debug|Any CPU
		{019934B7-8736-49ED-977A-1D3C0A532FBC}.Debug|iPhoneSimulator.Build.0 = Debug|Any CPU
		{019934B7-8736-49ED-977A-1D3C0A532FBC}.Debug|x64.ActiveCfg = Debug|Any CPU
		{019934B7-8736-49ED-977A-1D3C0A532FBC}.Debug|x64.Build.0 = Debug|Any CPU
		{019934B7-8736-49ED-977A-1D3C0A532FBC}.Debug|x86.ActiveCfg = Debug|Any CPU
		{019934B7-8736-49ED-977A-1D3C0A532FBC}.Debug|x86.Build.0 = Debug|Any CPU
		{019934B7-8736-49ED-977A-1D3C0A532FBC}.Release|Any CPU.ActiveCfg = Release|Any CPU
		{019934B7-8736-49ED-977A-1D3C0A532FBC}.Release|Any CPU.Build.0 = Release|Any CPU
		{019934B7-8736-49ED-977A-1D3C0A532FBC}.Release|ARM.ActiveCfg = Release|Any CPU
		{019934B7-8736-49ED-977A-1D3C0A532FBC}.Release|ARM.Build.0 = Release|Any CPU
		{019934B7-8736-49ED-977A-1D3C0A532FBC}.Release|iPhone.ActiveCfg = Release|Any CPU
		{019934B7-8736-49ED-977A-1D3C0A532FBC}.Release|iPhone.Build.0 = Release|Any CPU
		{019934B7-8736-49ED-977A-1D3C0A532FBC}.Release|iPhoneSimulator.ActiveCfg = Release|Any CPU
		{019934B7-8736-49ED-977A-1D3C0A532FBC}.Release|iPhoneSimulator.Build.0 = Release|Any CPU
		{019934B7-8736-49ED-977A-1D3C0A532FBC}.Release|x64.ActiveCfg = Release|Any CPU
		{019934B7-8736-49ED-977A-1D3C0A532FBC}.Release|x64.Build.0 = Release|Any CPU
		{019934B7-8736-49ED-977A-1D3C0A532FBC}.Release|x86.ActiveCfg = Release|Any CPU
		{019934B7-8736-49ED-977A-1D3C0A532FBC}.Release|x86.Build.0 = Release|Any CPU
		{0F2F4FC3-0D42-4FD8-A1A1-2BFD917D7D48}.Debug|Any CPU.ActiveCfg = Debug|Any CPU
		{0F2F4FC3-0D42-4FD8-A1A1-2BFD917D7D48}.Debug|Any CPU.Build.0 = Debug|Any CPU
		{0F2F4FC3-0D42-4FD8-A1A1-2BFD917D7D48}.Debug|Any CPU.Deploy.0 = Debug|Any CPU
		{0F2F4FC3-0D42-4FD8-A1A1-2BFD917D7D48}.Debug|ARM.ActiveCfg = Debug|Any CPU
		{0F2F4FC3-0D42-4FD8-A1A1-2BFD917D7D48}.Debug|ARM.Build.0 = Debug|Any CPU
		{0F2F4FC3-0D42-4FD8-A1A1-2BFD917D7D48}.Debug|ARM.Deploy.0 = Debug|Any CPU
		{0F2F4FC3-0D42-4FD8-A1A1-2BFD917D7D48}.Debug|iPhone.ActiveCfg = Debug|Any CPU
		{0F2F4FC3-0D42-4FD8-A1A1-2BFD917D7D48}.Debug|iPhone.Build.0 = Debug|Any CPU
		{0F2F4FC3-0D42-4FD8-A1A1-2BFD917D7D48}.Debug|iPhone.Deploy.0 = Debug|Any CPU
		{0F2F4FC3-0D42-4FD8-A1A1-2BFD917D7D48}.Debug|iPhoneSimulator.ActiveCfg = Debug|Any CPU
		{0F2F4FC3-0D42-4FD8-A1A1-2BFD917D7D48}.Debug|iPhoneSimulator.Build.0 = Debug|Any CPU
		{0F2F4FC3-0D42-4FD8-A1A1-2BFD917D7D48}.Debug|iPhoneSimulator.Deploy.0 = Debug|Any CPU
		{0F2F4FC3-0D42-4FD8-A1A1-2BFD917D7D48}.Debug|x64.ActiveCfg = Debug|Any CPU
		{0F2F4FC3-0D42-4FD8-A1A1-2BFD917D7D48}.Debug|x64.Build.0 = Debug|Any CPU
		{0F2F4FC3-0D42-4FD8-A1A1-2BFD917D7D48}.Debug|x64.Deploy.0 = Debug|Any CPU
		{0F2F4FC3-0D42-4FD8-A1A1-2BFD917D7D48}.Debug|x86.ActiveCfg = Debug|Any CPU
		{0F2F4FC3-0D42-4FD8-A1A1-2BFD917D7D48}.Debug|x86.Build.0 = Debug|Any CPU
		{0F2F4FC3-0D42-4FD8-A1A1-2BFD917D7D48}.Debug|x86.Deploy.0 = Debug|Any CPU
		{0F2F4FC3-0D42-4FD8-A1A1-2BFD917D7D48}.Release|Any CPU.ActiveCfg = Release|Any CPU
		{0F2F4FC3-0D42-4FD8-A1A1-2BFD917D7D48}.Release|Any CPU.Build.0 = Release|Any CPU
		{0F2F4FC3-0D42-4FD8-A1A1-2BFD917D7D48}.Release|Any CPU.Deploy.0 = Release|Any CPU
		{0F2F4FC3-0D42-4FD8-A1A1-2BFD917D7D48}.Release|ARM.ActiveCfg = Release|Any CPU
		{0F2F4FC3-0D42-4FD8-A1A1-2BFD917D7D48}.Release|ARM.Build.0 = Release|Any CPU
		{0F2F4FC3-0D42-4FD8-A1A1-2BFD917D7D48}.Release|ARM.Deploy.0 = Release|Any CPU
		{0F2F4FC3-0D42-4FD8-A1A1-2BFD917D7D48}.Release|iPhone.ActiveCfg = Release|Any CPU
		{0F2F4FC3-0D42-4FD8-A1A1-2BFD917D7D48}.Release|iPhone.Build.0 = Release|Any CPU
		{0F2F4FC3-0D42-4FD8-A1A1-2BFD917D7D48}.Release|iPhone.Deploy.0 = Release|Any CPU
		{0F2F4FC3-0D42-4FD8-A1A1-2BFD917D7D48}.Release|iPhoneSimulator.ActiveCfg = Release|Any CPU
		{0F2F4FC3-0D42-4FD8-A1A1-2BFD917D7D48}.Release|iPhoneSimulator.Build.0 = Release|Any CPU
		{0F2F4FC3-0D42-4FD8-A1A1-2BFD917D7D48}.Release|iPhoneSimulator.Deploy.0 = Release|Any CPU
		{0F2F4FC3-0D42-4FD8-A1A1-2BFD917D7D48}.Release|x64.ActiveCfg = Release|Any CPU
		{0F2F4FC3-0D42-4FD8-A1A1-2BFD917D7D48}.Release|x64.Build.0 = Release|Any CPU
		{0F2F4FC3-0D42-4FD8-A1A1-2BFD917D7D48}.Release|x64.Deploy.0 = Release|Any CPU
		{0F2F4FC3-0D42-4FD8-A1A1-2BFD917D7D48}.Release|x86.ActiveCfg = Release|Any CPU
		{0F2F4FC3-0D42-4FD8-A1A1-2BFD917D7D48}.Release|x86.Build.0 = Release|Any CPU
		{0F2F4FC3-0D42-4FD8-A1A1-2BFD917D7D48}.Release|x86.Deploy.0 = Release|Any CPU
		{22EB071B-0B60-41F0-A66C-5FB400A3109A}.Debug|Any CPU.ActiveCfg = Debug|iPhone
		{22EB071B-0B60-41F0-A66C-5FB400A3109A}.Debug|ARM.ActiveCfg = Debug|iPhone
		{22EB071B-0B60-41F0-A66C-5FB400A3109A}.Debug|iPhone.ActiveCfg = Debug|iPhone
		{22EB071B-0B60-41F0-A66C-5FB400A3109A}.Debug|iPhone.Build.0 = Debug|iPhone
		{22EB071B-0B60-41F0-A66C-5FB400A3109A}.Debug|iPhoneSimulator.ActiveCfg = Debug|iPhoneSimulator
		{22EB071B-0B60-41F0-A66C-5FB400A3109A}.Debug|iPhoneSimulator.Build.0 = Debug|iPhoneSimulator
		{22EB071B-0B60-41F0-A66C-5FB400A3109A}.Debug|x64.ActiveCfg = Debug|iPhone
		{22EB071B-0B60-41F0-A66C-5FB400A3109A}.Debug|x86.ActiveCfg = Debug|iPhone
		{22EB071B-0B60-41F0-A66C-5FB400A3109A}.Release|Any CPU.ActiveCfg = Release|iPhone
		{22EB071B-0B60-41F0-A66C-5FB400A3109A}.Release|ARM.ActiveCfg = Release|iPhone
		{22EB071B-0B60-41F0-A66C-5FB400A3109A}.Release|iPhone.ActiveCfg = Release|iPhone
		{22EB071B-0B60-41F0-A66C-5FB400A3109A}.Release|iPhone.Build.0 = Release|iPhone
		{22EB071B-0B60-41F0-A66C-5FB400A3109A}.Release|iPhoneSimulator.ActiveCfg = Release|iPhoneSimulator
		{22EB071B-0B60-41F0-A66C-5FB400A3109A}.Release|iPhoneSimulator.Build.0 = Release|iPhoneSimulator
		{22EB071B-0B60-41F0-A66C-5FB400A3109A}.Release|x64.ActiveCfg = Release|iPhone
		{22EB071B-0B60-41F0-A66C-5FB400A3109A}.Release|x86.ActiveCfg = Release|iPhone
		{0B63C32D-68E0-4CE8-9A59-EB8E64498808}.Debug|Any CPU.ActiveCfg = Debug|x86
		{0B63C32D-68E0-4CE8-9A59-EB8E64498808}.Debug|ARM.ActiveCfg = Debug|ARM
		{0B63C32D-68E0-4CE8-9A59-EB8E64498808}.Debug|ARM.Build.0 = Debug|ARM
		{0B63C32D-68E0-4CE8-9A59-EB8E64498808}.Debug|ARM.Deploy.0 = Debug|ARM
		{0B63C32D-68E0-4CE8-9A59-EB8E64498808}.Debug|iPhone.ActiveCfg = Debug|x86
		{0B63C32D-68E0-4CE8-9A59-EB8E64498808}.Debug|iPhoneSimulator.ActiveCfg = Debug|x86
		{0B63C32D-68E0-4CE8-9A59-EB8E64498808}.Debug|x64.ActiveCfg = Debug|x64
		{0B63C32D-68E0-4CE8-9A59-EB8E64498808}.Debug|x64.Build.0 = Debug|x64
		{0B63C32D-68E0-4CE8-9A59-EB8E64498808}.Debug|x64.Deploy.0 = Debug|x64
		{0B63C32D-68E0-4CE8-9A59-EB8E64498808}.Debug|x86.ActiveCfg = Debug|x86
		{0B63C32D-68E0-4CE8-9A59-EB8E64498808}.Debug|x86.Build.0 = Debug|x86
		{0B63C32D-68E0-4CE8-9A59-EB8E64498808}.Debug|x86.Deploy.0 = Debug|x86
		{0B63C32D-68E0-4CE8-9A59-EB8E64498808}.Release|Any CPU.ActiveCfg = Release|x86
		{0B63C32D-68E0-4CE8-9A59-EB8E64498808}.Release|ARM.ActiveCfg = Release|ARM
		{0B63C32D-68E0-4CE8-9A59-EB8E64498808}.Release|ARM.Build.0 = Release|ARM
		{0B63C32D-68E0-4CE8-9A59-EB8E64498808}.Release|ARM.Deploy.0 = Release|ARM
		{0B63C32D-68E0-4CE8-9A59-EB8E64498808}.Release|iPhone.ActiveCfg = Release|x86
		{0B63C32D-68E0-4CE8-9A59-EB8E64498808}.Release|iPhoneSimulator.ActiveCfg = Release|x86
		{0B63C32D-68E0-4CE8-9A59-EB8E64498808}.Release|x64.ActiveCfg = Release|x64
		{0B63C32D-68E0-4CE8-9A59-EB8E64498808}.Release|x64.Build.0 = Release|x64
		{0B63C32D-68E0-4CE8-9A59-EB8E64498808}.Release|x64.Deploy.0 = Release|x64
		{0B63C32D-68E0-4CE8-9A59-EB8E64498808}.Release|x86.ActiveCfg = Release|x86
		{0B63C32D-68E0-4CE8-9A59-EB8E64498808}.Release|x86.Build.0 = Release|x86
		{0B63C32D-68E0-4CE8-9A59-EB8E64498808}.Release|x86.Deploy.0 = Release|x86
		{29BE5DA9-4F0C-4A38-BF8E-7B49AF4D81A0}.Debug|Any CPU.ActiveCfg = Debug|Any CPU
		{29BE5DA9-4F0C-4A38-BF8E-7B49AF4D81A0}.Debug|Any CPU.Build.0 = Debug|Any CPU
		{29BE5DA9-4F0C-4A38-BF8E-7B49AF4D81A0}.Debug|ARM.ActiveCfg = Debug|Any CPU
		{29BE5DA9-4F0C-4A38-BF8E-7B49AF4D81A0}.Debug|ARM.Build.0 = Debug|Any CPU
		{29BE5DA9-4F0C-4A38-BF8E-7B49AF4D81A0}.Debug|iPhone.ActiveCfg = Debug|Any CPU
		{29BE5DA9-4F0C-4A38-BF8E-7B49AF4D81A0}.Debug|iPhone.Build.0 = Debug|Any CPU
		{29BE5DA9-4F0C-4A38-BF8E-7B49AF4D81A0}.Debug|iPhoneSimulator.ActiveCfg = Debug|Any CPU
		{29BE5DA9-4F0C-4A38-BF8E-7B49AF4D81A0}.Debug|iPhoneSimulator.Build.0 = Debug|Any CPU
		{29BE5DA9-4F0C-4A38-BF8E-7B49AF4D81A0}.Debug|x64.ActiveCfg = Debug|Any CPU
		{29BE5DA9-4F0C-4A38-BF8E-7B49AF4D81A0}.Debug|x64.Build.0 = Debug|Any CPU
		{29BE5DA9-4F0C-4A38-BF8E-7B49AF4D81A0}.Debug|x86.ActiveCfg = Debug|Any CPU
		{29BE5DA9-4F0C-4A38-BF8E-7B49AF4D81A0}.Debug|x86.Build.0 = Debug|Any CPU
		{29BE5DA9-4F0C-4A38-BF8E-7B49AF4D81A0}.Release|Any CPU.ActiveCfg = Release|Any CPU
		{29BE5DA9-4F0C-4A38-BF8E-7B49AF4D81A0}.Release|Any CPU.Build.0 = Release|Any CPU
		{29BE5DA9-4F0C-4A38-BF8E-7B49AF4D81A0}.Release|ARM.ActiveCfg = Release|Any CPU
		{29BE5DA9-4F0C-4A38-BF8E-7B49AF4D81A0}.Release|ARM.Build.0 = Release|Any CPU
		{29BE5DA9-4F0C-4A38-BF8E-7B49AF4D81A0}.Release|iPhone.ActiveCfg = Release|Any CPU
		{29BE5DA9-4F0C-4A38-BF8E-7B49AF4D81A0}.Release|iPhone.Build.0 = Release|Any CPU
		{29BE5DA9-4F0C-4A38-BF8E-7B49AF4D81A0}.Release|iPhoneSimulator.ActiveCfg = Release|Any CPU
		{29BE5DA9-4F0C-4A38-BF8E-7B49AF4D81A0}.Release|iPhoneSimulator.Build.0 = Release|Any CPU
		{29BE5DA9-4F0C-4A38-BF8E-7B49AF4D81A0}.Release|x64.ActiveCfg = Release|Any CPU
		{29BE5DA9-4F0C-4A38-BF8E-7B49AF4D81A0}.Release|x64.Build.0 = Release|Any CPU
		{29BE5DA9-4F0C-4A38-BF8E-7B49AF4D81A0}.Release|x86.ActiveCfg = Release|Any CPU
		{29BE5DA9-4F0C-4A38-BF8E-7B49AF4D81A0}.Release|x86.Build.0 = Release|Any CPU
	EndGlobalSection
	GlobalSection(SolutionProperties) = preSolution
		HideSolutionNode = FALSE
	EndGlobalSection
EndGlobal
